// !$*UTF8*$!
{
	archiveVersion = 1;
	classes = {
	};
	objectVersion = 48;
	objects = {

/* Begin PBXBuildFile section */
		3CAACA2D4A2B5CA81DFA154F /* Pods_SunsetSunrise.framework in Frameworks */ = {isa = PBXBuildFile; fileRef = C26F4B15D94CF9D13083771D /* Pods_SunsetSunrise.framework */; };
		CD12F17B1FFDB17100D2EF55 /* AppDelegate.swift in Sources */ = {isa = PBXBuildFile; fileRef = CD12F17A1FFDB17100D2EF55 /* AppDelegate.swift */; };
		CD12F17D1FFDB17100D2EF55 /* ViewController.swift in Sources */ = {isa = PBXBuildFile; fileRef = CD12F17C1FFDB17100D2EF55 /* ViewController.swift */; };
		CD12F1801FFDB17100D2EF55 /* Main.storyboard in Resources */ = {isa = PBXBuildFile; fileRef = CD12F17E1FFDB17100D2EF55 /* Main.storyboard */; };
		CD12F1821FFDB17100D2EF55 /* Assets.xcassets in Resources */ = {isa = PBXBuildFile; fileRef = CD12F1811FFDB17100D2EF55 /* Assets.xcassets */; };
		CD12F1851FFDB17100D2EF55 /* LaunchScreen.storyboard in Resources */ = {isa = PBXBuildFile; fileRef = CD12F1831FFDB17100D2EF55 /* LaunchScreen.storyboard */; };
		CD12F1951FFDB51500D2EF55 /* Default-568h@2x.png in Resources */ = {isa = PBXBuildFile; fileRef = CD12F1941FFDB51500D2EF55 /* Default-568h@2x.png */; };
/* End PBXBuildFile section */

/* Begin PBXFileReference section */
		8C6010410396086310999B35 /* Pods-SunsetSunrise.release.xcconfig */ = {isa = PBXFileReference; includeInIndex = 1; lastKnownFileType = text.xcconfig; name = "Pods-SunsetSunrise.release.xcconfig"; path = "Pods/Target Support Files/Pods-SunsetSunrise/Pods-SunsetSunrise.release.xcconfig"; sourceTree = "<group>"; };
		8C871601876F7A77E79D9EC9 /* Pods-SunsetSunrise.debug.xcconfig */ = {isa = PBXFileReference; includeInIndex = 1; lastKnownFileType = text.xcconfig; name = "Pods-SunsetSunrise.debug.xcconfig"; path = "Pods/Target Support Files/Pods-SunsetSunrise/Pods-SunsetSunrise.debug.xcconfig"; sourceTree = "<group>"; };
		C26F4B15D94CF9D13083771D /* Pods_SunsetSunrise.framework */ = {isa = PBXFileReference; explicitFileType = wrapper.framework; includeInIndex = 0; path = Pods_SunsetSunrise.framework; sourceTree = BUILT_PRODUCTS_DIR; };
		CD12F1771FFDB17100D2EF55 /* SunsetSunrise.app */ = {isa = PBXFileReference; explicitFileType = wrapper.application; includeInIndex = 0; path = SunsetSunrise.app; sourceTree = BUILT_PRODUCTS_DIR; };
		CD12F17A1FFDB17100D2EF55 /* AppDelegate.swift */ = {isa = PBXFileReference; lastKnownFileType = sourcecode.swift; path = AppDelegate.swift; sourceTree = "<group>"; };
		CD12F17C1FFDB17100D2EF55 /* ViewController.swift */ = {isa = PBXFileReference; lastKnownFileType = sourcecode.swift; path = ViewController.swift; sourceTree = "<group>"; };
		CD12F17F1FFDB17100D2EF55 /* Base */ = {isa = PBXFileReference; lastKnownFileType = file.storyboard; name = Base; path = Base.lproj/Main.storyboard; sourceTree = "<group>"; };
		CD12F1811FFDB17100D2EF55 /* Assets.xcassets */ = {isa = PBXFileReference; lastKnownFileType = folder.assetcatalog; path = Assets.xcassets; sourceTree = "<group>"; };
		CD12F1841FFDB17100D2EF55 /* Base */ = {isa = PBXFileReference; lastKnownFileType = file.storyboard; name = Base; path = Base.lproj/LaunchScreen.storyboard; sourceTree = "<group>"; };
		CD12F1861FFDB17100D2EF55 /* Info.plist */ = {isa = PBXFileReference; lastKnownFileType = text.plist.xml; path = Info.plist; sourceTree = "<group>"; };
		CD12F1941FFDB51500D2EF55 /* Default-568h@2x.png */ = {isa = PBXFileReference; lastKnownFileType = image.png; path = "Default-568h@2x.png"; sourceTree = "<group>"; };
/* End PBXFileReference section */

/* Begin PBXFrameworksBuildPhase section */
		CD12F1741FFDB17100D2EF55 /* Frameworks */ = {
			isa = PBXFrameworksBuildPhase;
			buildActionMask = 2147483647;
			files = (
				3CAACA2D4A2B5CA81DFA154F /* Pods_SunsetSunrise.framework in Frameworks */,
			);
			runOnlyForDeploymentPostprocessing = 0;
		};
/* End PBXFrameworksBuildPhase section */

/* Begin PBXGroup section */
		0697528DA59E703C3CE9F864 /* Frameworks */ = {
			isa = PBXGroup;
			children = (
				C26F4B15D94CF9D13083771D /* Pods_SunsetSunrise.framework */,
			);
			name = Frameworks;
			sourceTree = "<group>";
		};
		9BB126A23E19DF66F6C85210 /* Pods */ = {
			isa = PBXGroup;
			children = (
				8C871601876F7A77E79D9EC9 /* Pods-SunsetSunrise.debug.xcconfig */,
				8C6010410396086310999B35 /* Pods-SunsetSunrise.release.xcconfig */,
			);
			name = Pods;
			sourceTree = "<group>";
		};
		CD12F16E1FFDB17100D2EF55 = {
			isa = PBXGroup;
			children = (
				CD12F1941FFDB51500D2EF55 /* Default-568h@2x.png */,
				CD12F1791FFDB17100D2EF55 /* SunsetSunrise */,
				CD12F1781FFDB17100D2EF55 /* Products */,
				9BB126A23E19DF66F6C85210 /* Pods */,
				0697528DA59E703C3CE9F864 /* Frameworks */,
			);
			sourceTree = "<group>";
		};
		CD12F1781FFDB17100D2EF55 /* Products */ = {
			isa = PBXGroup;
			children = (
				CD12F1771FFDB17100D2EF55 /* SunsetSunrise.app */,
			);
			name = Products;
			sourceTree = "<group>";
		};
		CD12F1791FFDB17100D2EF55 /* SunsetSunrise */ = {
			isa = PBXGroup;
			children = (
				CD12F1911FFDB44700D2EF55 /* Models */,
				CD12F1901FFDB43500D2EF55 /* Controllers */,
				CD12F18C1FFDB41500D2EF55 /* Views */,
				CD12F18E1FFDB42600D2EF55 /* Resources */,
				CD12F18F1FFDB42D00D2EF55 /* Supporting */,
			);
			path = SunsetSunrise;
			sourceTree = "<group>";
		};
		CD12F18C1FFDB41500D2EF55 /* Views */ = {
			isa = PBXGroup;
			children = (
				CD12F18D1FFDB41F00D2EF55 /* Storyboards */,
			);
			path = Views;
			sourceTree = "<group>";
		};
		CD12F18D1FFDB41F00D2EF55 /* Storyboards */ = {
			isa = PBXGroup;
			children = (
				CD12F17E1FFDB17100D2EF55 /* Main.storyboard */,
				CD12F1831FFDB17100D2EF55 /* LaunchScreen.storyboard */,
			);
			path = Storyboards;
			sourceTree = "<group>";
		};
		CD12F18E1FFDB42600D2EF55 /* Resources */ = {
			isa = PBXGroup;
			children = (
				CD12F1811FFDB17100D2EF55 /* Assets.xcassets */,
			);
			path = Resources;
			sourceTree = "<group>";
		};
		CD12F18F1FFDB42D00D2EF55 /* Supporting */ = {
			isa = PBXGroup;
			children = (
				CD12F17A1FFDB17100D2EF55 /* AppDelegate.swift */,
				CD12F1861FFDB17100D2EF55 /* Info.plist */,
			);
			path = Supporting;
			sourceTree = "<group>";
		};
		CD12F1901FFDB43500D2EF55 /* Controllers */ = {
			isa = PBXGroup;
			children = (
				CD12F17C1FFDB17100D2EF55 /* ViewController.swift */,
			);
			path = Controllers;
			sourceTree = "<group>";
		};
		CD12F1911FFDB44700D2EF55 /* Models */ = {
			isa = PBXGroup;
			children = (
			);
			path = Models;
			sourceTree = "<group>";
		};
/* End PBXGroup section */

/* Begin PBXNativeTarget section */
		CD12F1761FFDB17100D2EF55 /* SunsetSunrise */ = {
			isa = PBXNativeTarget;
			buildConfigurationList = CD12F1891FFDB17100D2EF55 /* Build configuration list for PBXNativeTarget "SunsetSunrise" */;
			buildPhases = (
				20C95AE35839F5B076BB1552 /* [CP] Check Pods Manifest.lock */,
				CD12F1731FFDB17100D2EF55 /* Sources */,
				CD12F1741FFDB17100D2EF55 /* Frameworks */,
				CD12F1751FFDB17100D2EF55 /* Resources */,
				5C5229E8CE4B05C479A2AD12 /* [CP] Embed Pods Frameworks */,
				B7A7F756215F3C4B57B0C682 /* [CP] Copy Pods Resources */,
			);
			buildRules = (
			);
			dependencies = (
			);
			name = SunsetSunrise;
			productName = SunsetSunrise;
			productReference = CD12F1771FFDB17100D2EF55 /* SunsetSunrise.app */;
			productType = "com.apple.product-type.application";
		};
/* End PBXNativeTarget section */

/* Begin PBXProject section */
		CD12F16F1FFDB17100D2EF55 /* Project object */ = {
			isa = PBXProject;
			attributes = {
				LastSwiftUpdateCheck = 0920;
				LastUpgradeCheck = 0920;
				ORGANIZATIONNAME = "PHILIP SHEN";
				TargetAttributes = {
					CD12F1761FFDB17100D2EF55 = {
						CreatedOnToolsVersion = 9.2;
						ProvisioningStyle = Automatic;
					};
				};
			};
			buildConfigurationList = CD12F1721FFDB17100D2EF55 /* Build configuration list for PBXProject "SunsetSunrise" */;
			compatibilityVersion = "Xcode 8.0";
			developmentRegion = en;
			hasScannedForEncodings = 0;
			knownRegions = (
				en,
				Base,
			);
			mainGroup = CD12F16E1FFDB17100D2EF55;
			productRefGroup = CD12F1781FFDB17100D2EF55 /* Products */;
			projectDirPath = "";
			projectRoot = "";
			targets = (
				CD12F1761FFDB17100D2EF55 /* SunsetSunrise */,
			);
		};
/* End PBXProject section */

/* Begin PBXResourcesBuildPhase section */
		CD12F1751FFDB17100D2EF55 /* Resources */ = {
			isa = PBXResourcesBuildPhase;
			buildActionMask = 2147483647;
			files = (
				CD12F1851FFDB17100D2EF55 /* LaunchScreen.storyboard in Resources */,
				CD12F1951FFDB51500D2EF55 /* Default-568h@2x.png in Resources */,
				CD12F1821FFDB17100D2EF55 /* Assets.xcassets in Resources */,
				CD12F1801FFDB17100D2EF55 /* Main.storyboard in Resources */,
			);
			runOnlyForDeploymentPostprocessing = 0;
		};
/* End PBXResourcesBuildPhase section */

/* Begin PBXShellScriptBuildPhase section */
		20C95AE35839F5B076BB1552 /* [CP] Check Pods Manifest.lock */ = {
			isa = PBXShellScriptBuildPhase;
			buildActionMask = 2147483647;
			files = (
			);
			inputPaths = (
				"${PODS_PODFILE_DIR_PATH}/Podfile.lock",
				"${PODS_ROOT}/Manifest.lock",
			);
			name = "[CP] Check Pods Manifest.lock";
			outputPaths = (
				"$(DERIVED_FILE_DIR)/Pods-SunsetSunrise-checkManifestLockResult.txt",
			);
			runOnlyForDeploymentPostprocessing = 0;
			shellPath = /bin/sh;
			shellScript = "diff \"${PODS_PODFILE_DIR_PATH}/Podfile.lock\" \"${PODS_ROOT}/Manifest.lock\" > /dev/null\nif [ $? != 0 ] ; then\n    # print error to STDERR\n    echo \"error: The sandbox is not in sync with the Podfile.lock. Run 'pod install' or update your CocoaPods installation.\" >&2\n    exit 1\nfi\n# This output is used by Xcode 'outputs' to avoid re-running this script phase.\necho \"SUCCESS\" > \"${SCRIPT_OUTPUT_FILE_0}\"\n";
			showEnvVarsInLog = 0;
		};
		5C5229E8CE4B05C479A2AD12 /* [CP] Embed Pods Frameworks */ = {
			isa = PBXShellScriptBuildPhase;
			buildActionMask = 2147483647;
			files = (
			);
			inputPaths = (
				"${SRCROOT}/Pods/Target Support Files/Pods-SunsetSunrise/Pods-SunsetSunrise-frameworks.sh",
				"${BUILT_PRODUCTS_DIR}/Solar/Solar.framework",
			);
			name = "[CP] Embed Pods Frameworks";
			outputPaths = (
				"${TARGET_BUILD_DIR}/${FRAMEWORKS_FOLDER_PATH}/Solar.framework",
			);
			runOnlyForDeploymentPostprocessing = 0;
			shellPath = /bin/sh;
			shellScript = "\"${SRCROOT}/Pods/Target Support Files/Pods-SunsetSunrise/Pods-SunsetSunrise-frameworks.sh\"\n";
			showEnvVarsInLog = 0;
		};
		B7A7F756215F3C4B57B0C682 /* [CP] Copy Pods Resources */ = {
			isa = PBXShellScriptBuildPhase;
			buildActionMask = 2147483647;
			files = (
			);
			inputPaths = (
			);
			name = "[CP] Copy Pods Resources";
			outputPaths = (
			);
			runOnlyForDeploymentPostprocessing = 0;
			shellPath = /bin/sh;
			shellScript = "\"${SRCROOT}/Pods/Target Support Files/Pods-SunsetSunrise/Pods-SunsetSunrise-resources.sh\"\n";
			showEnvVarsInLog = 0;
		};
/* End PBXShellScriptBuildPhase section */

/* Begin PBXSourcesBuildPhase section */
		CD12F1731FFDB17100D2EF55 /* Sources */ = {
			isa = PBXSourcesBuildPhase;
			buildActionMask = 2147483647;
			files = (
				CD12F17D1FFDB17100D2EF55 /* ViewController.swift in Sources */,
				CD12F17B1FFDB17100D2EF55 /* AppDelegate.swift in Sources */,
			);
			runOnlyForDeploymentPostprocessing = 0;
		};
/* End PBXSourcesBuildPhase section */

/* Begin PBXVariantGroup section */
		CD12F17E1FFDB17100D2EF55 /* Main.storyboard */ = {
			isa = PBXVariantGroup;
			children = (
				CD12F17F1FFDB17100D2EF55 /* Base */,
			);
			name = Main.storyboard;
			sourceTree = "<group>";
		};
		CD12F1831FFDB17100D2EF55 /* LaunchScreen.storyboard */ = {
			isa = PBXVariantGroup;
			children = (
				CD12F1841FFDB17100D2EF55 /* Base */,
			);
			name = LaunchScreen.storyboard;
			sourceTree = "<group>";
		};
/* End PBXVariantGroup section */

/* Begin XCBuildConfiguration section */
		CD12F1871FFDB17100D2EF55 /* Debug */ = {
			isa = XCBuildConfiguration;
			buildSettings = {
				ALWAYS_SEARCH_USER_PATHS = NO;
				CLANG_ANALYZER_NONNULL = YES;
				CLANG_ANALYZER_NUMBER_OBJECT_CONVERSION = YES_AGGRESSIVE;
				CLANG_CXX_LANGUAGE_STANDARD = "gnu++14";
				CLANG_CXX_LIBRARY = "libc++";
				CLANG_ENABLE_MODULES = YES;
				CLANG_ENABLE_OBJC_ARC = YES;
				CLANG_WARN_BLOCK_CAPTURE_AUTORELEASING = YES;
				CLANG_WARN_BOOL_CONVERSION = YES;
				CLANG_WARN_COMMA = YES;
				CLANG_WARN_CONSTANT_CONVERSION = YES;
				CLANG_WARN_DIRECT_OBJC_ISA_USAGE = YES_ERROR;
				CLANG_WARN_DOCUMENTATION_COMMENTS = YES;
				CLANG_WARN_EMPTY_BODY = YES;
				CLANG_WARN_ENUM_CONVERSION = YES;
				CLANG_WARN_INFINITE_RECURSION = YES;
				CLANG_WARN_INT_CONVERSION = YES;
				CLANG_WARN_NON_LITERAL_NULL_CONVERSION = YES;
				CLANG_WARN_OBJC_LITERAL_CONVERSION = YES;
				CLANG_WARN_OBJC_ROOT_CLASS = YES_ERROR;
				CLANG_WARN_RANGE_LOOP_ANALYSIS = YES;
				CLANG_WARN_STRICT_PROTOTYPES = YES;
				CLANG_WARN_SUSPICIOUS_MOVE = YES;
				CLANG_WARN_UNGUARDED_AVAILABILITY = YES_AGGRESSIVE;
				CLANG_WARN_UNREACHABLE_CODE = YES;
				CLANG_WARN__DUPLICATE_METHOD_MATCH = YES;
				CODE_SIGN_IDENTITY = "iPhone Developer";
				COPY_PHASE_STRIP = NO;
				DEBUG_INFORMATION_FORMAT = dwarf;
				ENABLE_STRICT_OBJC_MSGSEND = YES;
				ENABLE_TESTABILITY = YES;
				GCC_C_LANGUAGE_STANDARD = gnu11;
				GCC_DYNAMIC_NO_PIC = NO;
				GCC_NO_COMMON_BLOCKS = YES;
				GCC_OPTIMIZATION_LEVEL = 0;
				GCC_PREPROCESSOR_DEFINITIONS = (
					"DEBUG=1",
					"$(inherited)",
				);
				GCC_WARN_64_TO_32_BIT_CONVERSION = YES;
				GCC_WARN_ABOUT_RETURN_TYPE = YES_ERROR;
				GCC_WARN_UNDECLARED_SELECTOR = YES;
				GCC_WARN_UNINITIALIZED_AUTOS = YES_AGGRESSIVE;
				GCC_WARN_UNUSED_FUNCTION = YES;
				GCC_WARN_UNUSED_VARIABLE = YES;
				IPHONEOS_DEPLOYMENT_TARGET = 11.2;
				MTL_ENABLE_DEBUG_INFO = YES;
				ONLY_ACTIVE_ARCH = YES;
				SDKROOT = iphoneos;
				SWIFT_ACTIVE_COMPILATION_CONDITIONS = DEBUG;
				SWIFT_OPTIMIZATION_LEVEL = "-Onone";
			};
			name = Debug;
		};
		CD12F1881FFDB17100D2EF55 /* Release */ = {
			isa = XCBuildConfiguration;
			buildSettings = {
				ALWAYS_SEARCH_USER_PATHS = NO;
				CLANG_ANALYZER_NONNULL = YES;
				CLANG_ANALYZER_NUMBER_OBJECT_CONVERSION = YES_AGGRESSIVE;
				CLANG_CXX_LANGUAGE_STANDARD = "gnu++14";
				CLANG_CXX_LIBRARY = "libc++";
				CLANG_ENABLE_MODULES = YES;
				CLANG_ENABLE_OBJC_ARC = YES;
				CLANG_WARN_BLOCK_CAPTURE_AUTORELEASING = YES;
				CLANG_WARN_BOOL_CONVERSION = YES;
				CLANG_WARN_COMMA = YES;
				CLANG_WARN_CONSTANT_CONVERSION = YES;
				CLANG_WARN_DIRECT_OBJC_ISA_USAGE = YES_ERROR;
				CLANG_WARN_DOCUMENTATION_COMMENTS = YES;
				CLANG_WARN_EMPTY_BODY = YES;
				CLANG_WARN_ENUM_CONVERSION = YES;
				CLANG_WARN_INFINITE_RECURSION = YES;
				CLANG_WARN_INT_CONVERSION = YES;
				CLANG_WARN_NON_LITERAL_NULL_CONVERSION = YES;
				CLANG_WARN_OBJC_LITERAL_CONVERSION = YES;
				CLANG_WARN_OBJC_ROOT_CLASS = YES_ERROR;
				CLANG_WARN_RANGE_LOOP_ANALYSIS = YES;
				CLANG_WARN_STRICT_PROTOTYPES = YES;
				CLANG_WARN_SUSPICIOUS_MOVE = YES;
				CLANG_WARN_UNGUARDED_AVAILABILITY = YES_AGGRESSIVE;
				CLANG_WARN_UNREACHABLE_CODE = YES;
				CLANG_WARN__DUPLICATE_METHOD_MATCH = YES;
				CODE_SIGN_IDENTITY = "iPhone Developer";
				COPY_PHASE_STRIP = NO;
				DEBUG_INFORMATION_FORMAT = "dwarf-with-dsym";
				ENABLE_NS_ASSERTIONS = NO;
				ENABLE_STRICT_OBJC_MSGSEND = YES;
				GCC_C_LANGUAGE_STANDARD = gnu11;
				GCC_NO_COMMON_BLOCKS = YES;
				GCC_WARN_64_TO_32_BIT_CONVERSION = YES;
				GCC_WARN_ABOUT_RETURN_TYPE = YES_ERROR;
				GCC_WARN_UNDECLARED_SELECTOR = YES;
				GCC_WARN_UNINITIALIZED_AUTOS = YES_AGGRESSIVE;
				GCC_WARN_UNUSED_FUNCTION = YES;
				GCC_WARN_UNUSED_VARIABLE = YES;
				IPHONEOS_DEPLOYMENT_TARGET = 11.2;
				MTL_ENABLE_DEBUG_INFO = NO;
				SDKROOT = iphoneos;
				SWIFT_OPTIMIZATION_LEVEL = "-Owholemodule";
				VALIDATE_PRODUCT = YES;
			};
			name = Release;
		};
		CD12F18A1FFDB17100D2EF55 /* Debug */ = {
			isa = XCBuildConfiguration;
			baseConfigurationReference = 8C871601876F7A77E79D9EC9 /* Pods-SunsetSunrise.debug.xcconfig */;
			buildSettings = {
				ASSETCATALOG_COMPILER_APPICON_NAME = AppIcon;
				CODE_SIGN_STYLE = Automatic;
				DEVELOPMENT_TEAM = 3HPRL79RHD;
				INFOPLIST_FILE = "$(SRCROOT)/SunsetSunrise/Supporting/Info.plist";
				LD_RUNPATH_SEARCH_PATHS = "$(inherited) @executable_path/Frameworks";
				PRODUCT_BUNDLE_IDENTIFIER = philipshen.fantem.projects.SunsetSunrise;
				PRODUCT_NAME = "$(TARGET_NAME)";
				SWIFT_VERSION = 4.0;
				TARGETED_DEVICE_FAMILY = "1,2";
			};
			name = Debug;
		};
		CD12F18B1FFDB17100D2EF55 /* Release */ = {
			isa = XCBuildConfiguration;
			baseConfigurationReference = 8C6010410396086310999B35 /* Pods-SunsetSunrise.release.xcconfig */;
			buildSettings = {
				ASSETCATALOG_COMPILER_APPICON_NAME = AppIcon;
				CODE_SIGN_STYLE = Automatic;
				DEVELOPMENT_TEAM = 3HPRL79RHD;
				INFOPLIST_FILE = "$(SRCROOT)/SunsetSunrise/Supporting/Info.plist";
				LD_RUNPATH_SEARCH_PATHS = "$(inherited) @executable_path/Frameworks";
				PRODUCT_BUNDLE_IDENTIFIER = philipshen.fantem.projects.SunsetSunrise;
				PRODUCT_NAME = "$(TARGET_NAME)";
				SWIFT_VERSION = 4.0;
				TARGETED_DEVICE_FAMILY = "1,2";
			};
			name = Release;
		};
/* End XCBuildConfiguration section */

/* Begin XCConfigurationList section */
		CD12F1721FFDB17100D2EF55 /* Build configuration list for PBXProject "SunsetSunrise" */ = {
			isa = XCConfigurationList;
			buildConfigurations = (
				CD12F1871FFDB17100D2EF55 /* Debug */,
				CD12F1881FFDB17100D2EF55 /* Release */,
			);
			defaultConfigurationIsVisible = 0;
			defaultConfigurationName = Release;
		};
		CD12F1891FFDB17100D2EF55 /* Build configuration list for PBXNativeTarget "SunsetSunrise" */ = {
			isa = XCConfigurationList;
			buildConfigurations = (
				CD12F18A1FFDB17100D2EF55 /* Debug */,
				CD12F18B1FFDB17100D2EF55 /* Release */,
			);
			defaultConfigurationIsVisible = 0;
			defaultConfigurationName = Release;
		};
/* End XCConfigurationList section */
	};
	rootObject = CD12F16F1FFDB17100D2EF55 /* Project object */;
}
